{
    "_meta": {
        "hash": {
            "sha256": "1ebefefa8f8daf35c97650567e27dbd6ff91fa86d1685aff2cd73f8fe05f3667"
        },
        "pipfile-spec": 6,
        "requires": {
            "python_version": "3.6"
        },
        "sources": [
            {
                "name": "pypi",
                "url": "https://pypi.org/simple",
                "verify_ssl": true
            }
        ]
    },
    "default": {
        "django": {
            "hashes": [
                "sha256:4d23f61b26892bac785f07401bc38cbf8fa4cec993f400e9cd9ddf28fd51c0ea",
                "sha256:6e974d4b57e3b29e4882b244d40171d6a75202ab8d2402b8e8adbd182e25cf0c"
            ],
            "index": "pypi",
            "version": "==2.2.3"
        },
        "django-active-link": {
            "hashes": [
                "sha256:980ffa0ec289bafe3e334da792b86da5076bfab922318a3c24230454208d8b76",
                "sha256:f3b4648ffccab9e0a2c9181925feb6dedb239429788e45921c21216d51d9f9f1"
            ],
            "index": "pypi",
            "version": "==0.1.6"
        },
        "django-autofixture": {
            "hashes": [
                "sha256:32588b80814cdff3a8aab7cf3859fc9330d38abe37a9cc16e53d24dd1b1fcd86"
            ],
            "index": "pypi",
            "version": "==0.12.1"
        },
        "django-bsync": {
            "hashes": [
                "sha256:b808f9cd36436a4d30036f457b7a8378b47d07148d6fcc96179fdb333e6a9178"
            ],
            "index": "pypi",
            "version": "==1.4.3"
        },
        "django-widget-tweaks": {
            "git": "https://github.com/jazzband/django-widget-tweaks.git",
            "ref": "4d163cb2289e8971283e6207badbd7f8c13dfbc1"
        },
        "djangomix": {
            "hashes": [
                "sha256:5d0cddd99a537f63bb314e61620561011ea1e546029bb63bae6b09a803428f77",
                "sha256:e893e47e3f37953e6298cb6d41a7e3c84c15c890173a9e16117aa3d97140ffc4"
            ],
            "index": "pypi",
            "version": "==1.1.0"
        },
        "pytz": {
            "hashes": [
                "sha256:303879e36b721603cc54604edcac9d20401bdbe31e1e4fdee5b9f98d5d31dfda",
                "sha256:d747dd3d23d77ef44c6a3526e274af6efeb0a6f1afd5a69ba4d5be4098c8e141"
            ],
            "version": "==2019.1"
        },
        "sqlparse": {
            "hashes": [
                "sha256:40afe6b8d4b1117e7dff5504d7a8ce07d9a1b15aeeade8a2d10f130a834f8177",
                "sha256:7c3dca29c022744e95b547e867cee89f4fce4373f3549ccd8797d8eb52cdb873"
            ],
            "version": "==0.3.0"
        }
    },
    "develop": {}
}
